
Microsoft Visual Studio Solution File, Format Version 12.00
# Visual Studio Version 17
VisualStudioVersion = 17.14.36121.58 d17.14
MinimumVisualStudioVersion = 10.0.40219.1
Project("{FAE04EC0-301F-11D3-BF4B-00C04F79EFBC}") = "Ice_task_4_cloud", "Ice_task_4_cloud.csproj", "{C372EA2E-C573-41E5-B864-73BAD83CB395}"
EndProject
Global
	GlobalSection(SolutionConfigurationPlatforms) = preSolution
		Debug|Any CPU = Debug|Any CPU
		Release|Any CPU = Release|Any CPU
	EndGlobalSection
	GlobalSection(ProjectConfigurationPlatforms) = postSolution
		{C372EA2E-C573-41E5-B864-73BAD83CB395}.Debug|Any CPU.ActiveCfg = Debug|Any CPU
		{C372EA2E-C573-41E5-B864-73BAD83CB395}.Debug|Any CPU.Build.0 = Debug|Any CPU
		{C372EA2E-C573-41E5-B864-73BAD83CB395}.Release|Any CPU.ActiveCfg = Release|Any CPU
		{C372EA2E-C573-41E5-B864-73BAD83CB395}.Release|Any CPU.Build.0 = Release|Any CPU
	EndGlobalSection
	GlobalSection(SolutionProperties) = preSolution
		HideSolutionNode = FALSE
	EndGlobalSection
	GlobalSection(ExtensibilityGlobals) = postSolution
		SolutionGuid = {97395963-984A-4B3D-A48D-6DDF19653856}
	EndGlobalSection
EndGlobal
